PODS:
  - Alamofire (4.7.0)
  - Charts (3.0.5):
    - Charts/Core (= 3.0.5)
  - Charts/Core (3.0.5)
  - TPKeyboardAvoiding (1.3.2)

DEPENDENCIES:
  - Alamofire (~> 4.7.0)
  - Charts
  - TPKeyboardAvoiding (~> 1.3.2)

SPEC REPOS:
  https://github.com/cocoapods/specs.git:
    - Alamofire
    - Charts
    - TPKeyboardAvoiding

SPEC CHECKSUMS:
  Alamofire: 907e0a98eb68cdb7f9d1f541a563d6ac5dc77b25
  Charts: 45cdc985b764c838b35ee47eb1365d15735f6d1a
  TPKeyboardAvoiding: cb69d5ddbe90ce0170e4bc2db1e5e41d4a3ad9a4

PODFILE CHECKSUM: 9be7a762efcf46ab3b692a30a3a69b530dafa599

COCOAPODS: 1.5.3
